
Microsoft Visual Studio Solution File, Format Version 12.00
# Visual Studio Version 16
VisualStudioVersion = 16.0.29519.181
MinimumVisualStudioVersion = 10.0.40219.1
Project("{F184B08F-C81C-45F6-A57F-5ABD9991F28F}") = "AplicacionPacientes", "AplicacionPaciente\AplicacionPacientes.vbproj", "{68CBE3EA-EB73-430F-AB67-C715306AB55E}"
EndProject
Project("{F184B08F-C81C-45F6-A57F-5ABD9991F28F}") = "AplicacionGestion", "AplicacionGestion\AplicacionGestion.vbproj", "{1B0865A5-2386-4853-8867-08058CB4FEA9}"
EndProject
Project("{F184B08F-C81C-45F6-A57F-5ABD9991F28F}") = "CapaLogica", "CapaLogica\CapaLogica.vbproj", "{DDDDF5D9-48B3-4529-921B-A6AE6C57C97A}"
EndProject
Project("{F184B08F-C81C-45F6-A57F-5ABD9991F28F}") = "Launcher", "Launcher\Launcher.vbproj", "{8946CC09-EB30-4619-91AC-B56E4C3222DA}"
EndProject
Project("{F184B08F-C81C-45F6-A57F-5ABD9991F28F}") = "CapaPersistencia", "CapaPersistencia\CapaPersistencia.vbproj", "{0B337B82-893A-4CB6-BB96-4E1696709CF3}"
EndProject
Project("{F184B08F-C81C-45F6-A57F-5ABD9991F28F}") = "Clases", "Clases\Clases.vbproj", "{ADE15C86-7320-4BFE-943F-8C6A2A32FC49}"
EndProject
Global
	GlobalSection(SolutionConfigurationPlatforms) = preSolution
		Debug|Any CPU = Debug|Any CPU
		Release|Any CPU = Release|Any CPU
	EndGlobalSection
	GlobalSection(ProjectConfigurationPlatforms) = postSolution
		{68CBE3EA-EB73-430F-AB67-C715306AB55E}.Debug|Any CPU.ActiveCfg = Debug|Any CPU
		{68CBE3EA-EB73-430F-AB67-C715306AB55E}.Debug|Any CPU.Build.0 = Debug|Any CPU
		{68CBE3EA-EB73-430F-AB67-C715306AB55E}.Release|Any CPU.ActiveCfg = Release|Any CPU
		{68CBE3EA-EB73-430F-AB67-C715306AB55E}.Release|Any CPU.Build.0 = Release|Any CPU
		{1B0865A5-2386-4853-8867-08058CB4FEA9}.Debug|Any CPU.ActiveCfg = Debug|Any CPU
		{1B0865A5-2386-4853-8867-08058CB4FEA9}.Debug|Any CPU.Build.0 = Debug|Any CPU
		{1B0865A5-2386-4853-8867-08058CB4FEA9}.Release|Any CPU.ActiveCfg = Release|Any CPU
		{1B0865A5-2386-4853-8867-08058CB4FEA9}.Release|Any CPU.Build.0 = Release|Any CPU
		{DDDDF5D9-48B3-4529-921B-A6AE6C57C97A}.Debug|Any CPU.ActiveCfg = Debug|Any CPU
		{DDDDF5D9-48B3-4529-921B-A6AE6C57C97A}.Debug|Any CPU.Build.0 = Debug|Any CPU
		{DDDDF5D9-48B3-4529-921B-A6AE6C57C97A}.Release|Any CPU.ActiveCfg = Release|Any CPU
		{DDDDF5D9-48B3-4529-921B-A6AE6C57C97A}.Release|Any CPU.Build.0 = Release|Any CPU
		{8946CC09-EB30-4619-91AC-B56E4C3222DA}.Debug|Any CPU.ActiveCfg = Debug|Any CPU
		{8946CC09-EB30-4619-91AC-B56E4C3222DA}.Debug|Any CPU.Build.0 = Debug|Any CPU
		{8946CC09-EB30-4619-91AC-B56E4C3222DA}.Release|Any CPU.ActiveCfg = Release|Any CPU
		{8946CC09-EB30-4619-91AC-B56E4C3222DA}.Release|Any CPU.Build.0 = Release|Any CPU
		{0B337B82-893A-4CB6-BB96-4E1696709CF3}.Debug|Any CPU.ActiveCfg = Debug|Any CPU
		{0B337B82-893A-4CB6-BB96-4E1696709CF3}.Debug|Any CPU.Build.0 = Debug|Any CPU
		{0B337B82-893A-4CB6-BB96-4E1696709CF3}.Release|Any CPU.ActiveCfg = Release|Any CPU
		{0B337B82-893A-4CB6-BB96-4E1696709CF3}.Release|Any CPU.Build.0 = Release|Any CPU
		{ADE15C86-7320-4BFE-943F-8C6A2A32FC49}.Debug|Any CPU.ActiveCfg = Debug|Any CPU
		{ADE15C86-7320-4BFE-943F-8C6A2A32FC49}.Debug|Any CPU.Build.0 = Debug|Any CPU
		{ADE15C86-7320-4BFE-943F-8C6A2A32FC49}.Release|Any CPU.ActiveCfg = Release|Any CPU
		{ADE15C86-7320-4BFE-943F-8C6A2A32FC49}.Release|Any CPU.Build.0 = Release|Any CPU
	EndGlobalSection
	GlobalSection(SolutionProperties) = preSolution
		HideSolutionNode = FALSE
	EndGlobalSection
	GlobalSection(ExtensibilityGlobals) = postSolution
		SolutionGuid = {C81D007E-6450-46B7-AD55-157831BBC51A}
	EndGlobalSection
EndGlobal
